
Microsoft Visual Studio Solution File, Format Version 12.00
# Visual Studio Version 16
VisualStudioVersion = 16.0.810.25
MinimumVisualStudioVersion = 10.0.40219.1
Project("{FAE04EC0-301F-11D3-BF4B-00C04F79EFBC}") = "HelloDI.ConsoleApp", "HelloDI.ConsoleApp\HelloDI.ConsoleApp.csproj", "{CA244943-7AD8-47D6-B86F-C616782646BB}"
EndProject
Global
	GlobalSection(SolutionConfigurationPlatforms) = preSolution
		Debug|Any CPU = Debug|Any CPU
		Release|Any CPU = Release|Any CPU
	EndGlobalSection
	GlobalSection(ProjectConfigurationPlatforms) = postSolution
		{CA244943-7AD8-47D6-B86F-C616782646BB}.Debug|Any CPU.ActiveCfg = Debug|Any CPU
		{CA244943-7AD8-47D6-B86F-C616782646BB}.Debug|Any CPU.Build.0 = Debug|Any CPU
		{CA244943-7AD8-47D6-B86F-C616782646BB}.Release|Any CPU.ActiveCfg = Release|Any CPU
		{CA244943-7AD8-47D6-B86F-C616782646BB}.Release|Any CPU.Build.0 = Release|Any CPU
	EndGlobalSection
	GlobalSection(SolutionProperties) = preSolution
		HideSolutionNode = FALSE
	EndGlobalSection
	GlobalSection(ExtensibilityGlobals) = postSolution
		SolutionGuid = {3CF5EA1B-484E-4A66-BCC9-4E990CE687D9}
	EndGlobalSection
EndGlobal
